{
  "requires": true,
  "lockfileVersion": 1,
  "dependencies": {
    "comscore": {
      "version": "0.0.1",
      "resolved": "https://registry.npmjs.org/comscore/-/comscore-0.0.1.tgz",
      "integrity": "sha1-CWB55jD48DPYX3e81A4gwR3s3hM="
    },
    "gitbook-plugin-theme-blue": {
      "version": "1.0.18",
      "resolved": "https://registry.npmjs.org/gitbook-plugin-theme-blue/-/gitbook-plugin-theme-blue-1.0.18.tgz",
      "integrity": "sha512-HkMtuuh5IaDryWseF/vH/FqjA9WIOC7b02DQCchmd0bzJNaLjkcGAzkFN4Q8ChfGdbOMjndNqa0wgBfUycAdPQ=="
    }
  }
}
